
Microsoft Visual Studio Solution File, Format Version 12.00
# Visual Studio Version 16
VisualStudioVersion = 16.0.28917.181
MinimumVisualStudioVersion = 10.0.40219.1
Project("{FAE04EC0-301F-11D3-BF4B-00C04F79EFBC}") = "InClassGroupProject", "InClassGroupProject\InClassGroupProject.csproj", "{F43AB848-E2C1-421D-BF31-60691A365B9C}"
EndProject
Global
	GlobalSection(SolutionConfigurationPlatforms) = preSolution
		Debug|Any CPU = Debug|Any CPU
		Release|Any CPU = Release|Any CPU
	EndGlobalSection
	GlobalSection(ProjectConfigurationPlatforms) = postSolution
		{F43AB848-E2C1-421D-BF31-60691A365B9C}.Debug|Any CPU.ActiveCfg = Debug|Any CPU
		{F43AB848-E2C1-421D-BF31-60691A365B9C}.Debug|Any CPU.Build.0 = Debug|Any CPU
		{F43AB848-E2C1-421D-BF31-60691A365B9C}.Release|Any CPU.ActiveCfg = Release|Any CPU
		{F43AB848-E2C1-421D-BF31-60691A365B9C}.Release|Any CPU.Build.0 = Release|Any CPU
	EndGlobalSection
	GlobalSection(SolutionProperties) = preSolution
		HideSolutionNode = FALSE
	EndGlobalSection
	GlobalSection(ExtensibilityGlobals) = postSolution
		SolutionGuid = {00927749-0584-4766-B7B3-8ABC058B0A50}
	EndGlobalSection
EndGlobal
